// !$*UTF8*$!
{
	archiveVersion = 1;
	classes = {
	};
	objectVersion = 55;
	objects = {

/* Begin PBXBuildFile section */
		59282C4DACB5F296CBAD444F /* Pods_PriceCharts.framework in Frameworks */ = {isa = PBXBuildFile; fileRef = 5BED156D09E066F82805EB31 /* Pods_PriceCharts.framework */; };
		C88832352880E017003F4EC3 /* ApiSessionManager.swift in Sources */ = {isa = PBXBuildFile; fileRef = C88832342880E016003F4EC3 /* ApiSessionManager.swift */; };
		C888323E2880E268003F4EC3 /* NetworkError.swift in Sources */ = {isa = PBXBuildFile; fileRef = C888323D2880E268003F4EC3 /* NetworkError.swift */; };
		C88832402880E285003F4EC3 /* NetworkRequest.swift in Sources */ = {isa = PBXBuildFile; fileRef = C888323F2880E285003F4EC3 /* NetworkRequest.swift */; };
		C88832422880E2A4003F4EC3 /* NetworkResponse.swift in Sources */ = {isa = PBXBuildFile; fileRef = C88832412880E2A4003F4EC3 /* NetworkResponse.swift */; };
		C88832442880E2C1003F4EC3 /* Environment.swift in Sources */ = {isa = PBXBuildFile; fileRef = C88832432880E2C1003F4EC3 /* Environment.swift */; };
		C88832462880E2E0003F4EC3 /* NetworkExecutor.swift in Sources */ = {isa = PBXBuildFile; fileRef = C88832452880E2E0003F4EC3 /* NetworkExecutor.swift */; };
		C88832482880E39A003F4EC3 /* CandleStickRequests.swift in Sources */ = {isa = PBXBuildFile; fileRef = C88832472880E39A003F4EC3 /* CandleStickRequests.swift */; };
		C888324A2880E51B003F4EC3 /* Configuration.plist in Resources */ = {isa = PBXBuildFile; fileRef = C88832492880E51B003F4EC3 /* Configuration.plist */; };
		C888324D2880F43E003F4EC3 /* CandelsModel.swift in Sources */ = {isa = PBXBuildFile; fileRef = C888324C2880F43E003F4EC3 /* CandelsModel.swift */; };
		C888325128814BCE003F4EC3 /* CurrencyDetailsViewController.swift in Sources */ = {isa = PBXBuildFile; fileRef = C888324F28814BCE003F4EC3 /* CurrencyDetailsViewController.swift */; };
		C888325228814BCE003F4EC3 /* CurrencyDetailsViewController.xib in Resources */ = {isa = PBXBuildFile; fileRef = C888325028814BCE003F4EC3 /* CurrencyDetailsViewController.xib */; };
		C888325C2882654C003F4EC3 /* String+NSArray.swift in Sources */ = {isa = PBXBuildFile; fileRef = C888325B2882654C003F4EC3 /* String+NSArray.swift */; };
		C888325E288265B5003F4EC3 /* ChartDataPair.swift in Sources */ = {isa = PBXBuildFile; fileRef = C888325D288265B5003F4EC3 /* ChartDataPair.swift */; };
		C888326028826841003F4EC3 /* CurrencyDetailsViewModel.swift in Sources */ = {isa = PBXBuildFile; fileRef = C888325F28826841003F4EC3 /* CurrencyDetailsViewModel.swift */; };
		C8883262288269D4003F4EC3 /* HelperManger.swift in Sources */ = {isa = PBXBuildFile; fileRef = C8883261288269D4003F4EC3 /* HelperManger.swift */; };
		C8932AF7287DE033001A3EAF /* UIViewController.swift in Sources */ = {isa = PBXBuildFile; fileRef = C8932AF6287DE033001A3EAF /* UIViewController.swift */; };
		C8932AFB287DE12E001A3EAF /* BaseNavigationController.swift in Sources */ = {isa = PBXBuildFile; fileRef = C8932AFA287DE12E001A3EAF /* BaseNavigationController.swift */; };
		C8932AFD287DE159001A3EAF /* ApplicationController.swift in Sources */ = {isa = PBXBuildFile; fileRef = C8932AFC287DE159001A3EAF /* ApplicationController.swift */; };
		C8932B03287DE5AE001A3EAF /* SymbolsListViewController.swift in Sources */ = {isa = PBXBuildFile; fileRef = C8932B01287DE5AE001A3EAF /* SymbolsListViewController.swift */; };
		C8932B04287DE5AE001A3EAF /* SymbolsListViewController.xib in Resources */ = {isa = PBXBuildFile; fileRef = C8932B02287DE5AE001A3EAF /* SymbolsListViewController.xib */; };
		C8932B08287DECFE001A3EAF /* SymbolsCollectionViewCell.swift in Sources */ = {isa = PBXBuildFile; fileRef = C8932B06287DECFE001A3EAF /* SymbolsCollectionViewCell.swift */; };
		C8932B09287DECFE001A3EAF /* SymbolsCollectionViewCell.xib in Resources */ = {isa = PBXBuildFile; fileRef = C8932B07287DECFE001A3EAF /* SymbolsCollectionViewCell.xib */; };
		C893EF9328800869009C1558 /* UIView+Designable.swift in Sources */ = {isa = PBXBuildFile; fileRef = C893EF9228800869009C1558 /* UIView+Designable.swift */; };
		C8D33F53287D26D600898C63 /* AppDelegate.swift in Sources */ = {isa = PBXBuildFile; fileRef = C8D33F52287D26D600898C63 /* AppDelegate.swift */; };
		C8D33F55287D26D600898C63 /* SceneDelegate.swift in Sources */ = {isa = PBXBuildFile; fileRef = C8D33F54287D26D600898C63 /* SceneDelegate.swift */; };
		C8D33F57287D26D600898C63 /* ViewController.swift in Sources */ = {isa = PBXBuildFile; fileRef = C8D33F56287D26D600898C63 /* ViewController.swift */; };
		C8D33F5A287D26D600898C63 /* Main.storyboard in Resources */ = {isa = PBXBuildFile; fileRef = C8D33F58287D26D600898C63 /* Main.storyboard */; };
		C8D33F5C287D26D800898C63 /* Assets.xcassets in Resources */ = {isa = PBXBuildFile; fileRef = C8D33F5B287D26D800898C63 /* Assets.xcassets */; };
		C8D33F5F287D26D800898C63 /* LaunchScreen.storyboard in Resources */ = {isa = PBXBuildFile; fileRef = C8D33F5D287D26D800898C63 /* LaunchScreen.storyboard */; };
/* End PBXBuildFile section */

/* Begin PBXFileReference section */
		52ED424E870350AB3BD5A174 /* Pods-PriceCharts.release.xcconfig */ = {isa = PBXFileReference; includeInIndex = 1; lastKnownFileType = text.xcconfig; name = "Pods-PriceCharts.release.xcconfig"; path = "Target Support Files/Pods-PriceCharts/Pods-PriceCharts.release.xcconfig"; sourceTree = "<group>"; };
		5BED156D09E066F82805EB31 /* Pods_PriceCharts.framework */ = {isa = PBXFileReference; explicitFileType = wrapper.framework; includeInIndex = 0; path = Pods_PriceCharts.framework; sourceTree = BUILT_PRODUCTS_DIR; };
		C2073A8596C8CEDA76D9CF76 /* Pods-PriceCharts.debug.xcconfig */ = {isa = PBXFileReference; includeInIndex = 1; lastKnownFileType = text.xcconfig; name = "Pods-PriceCharts.debug.xcconfig"; path = "Target Support Files/Pods-PriceCharts/Pods-PriceCharts.debug.xcconfig"; sourceTree = "<group>"; };
		C88832342880E016003F4EC3 /* ApiSessionManager.swift */ = {isa = PBXFileReference; lastKnownFileType = sourcecode.swift; path = ApiSessionManager.swift; sourceTree = "<group>"; };
		C888323D2880E268003F4EC3 /* NetworkError.swift */ = {isa = PBXFileReference; lastKnownFileType = sourcecode.swift; path = NetworkError.swift; sourceTree = "<group>"; };
		C888323F2880E285003F4EC3 /* NetworkRequest.swift */ = {isa = PBXFileReference; lastKnownFileType = sourcecode.swift; path = NetworkRequest.swift; sourceTree = "<group>"; };
		C88832412880E2A4003F4EC3 /* NetworkResponse.swift */ = {isa = PBXFileReference; lastKnownFileType = sourcecode.swift; path = NetworkResponse.swift; sourceTree = "<group>"; };
		C88832432880E2C1003F4EC3 /* Environment.swift */ = {isa = PBXFileReference; lastKnownFileType = sourcecode.swift; path = Environment.swift; sourceTree = "<group>"; };
		C88832452880E2E0003F4EC3 /* NetworkExecutor.swift */ = {isa = PBXFileReference; lastKnownFileType = sourcecode.swift; path = NetworkExecutor.swift; sourceTree = "<group>"; };
		C88832472880E39A003F4EC3 /* CandleStickRequests.swift */ = {isa = PBXFileReference; lastKnownFileType = sourcecode.swift; path = CandleStickRequests.swift; sourceTree = "<group>"; };
		C88832492880E51B003F4EC3 /* Configuration.plist */ = {isa = PBXFileReference; lastKnownFileType = text.plist.xml; path = Configuration.plist; sourceTree = "<group>"; };
		C888324C2880F43E003F4EC3 /* CandelsModel.swift */ = {isa = PBXFileReference; lastKnownFileType = sourcecode.swift; path = CandelsModel.swift; sourceTree = "<group>"; };
		C888324F28814BCE003F4EC3 /* CurrencyDetailsViewController.swift */ = {isa = PBXFileReference; lastKnownFileType = sourcecode.swift; path = CurrencyDetailsViewController.swift; sourceTree = "<group>"; };
		C888325028814BCE003F4EC3 /* CurrencyDetailsViewController.xib */ = {isa = PBXFileReference; lastKnownFileType = file.xib; path = CurrencyDetailsViewController.xib; sourceTree = "<group>"; };
		C888325B2882654C003F4EC3 /* String+NSArray.swift */ = {isa = PBXFileReference; lastKnownFileType = sourcecode.swift; path = "String+NSArray.swift"; sourceTree = "<group>"; };
		C888325D288265B5003F4EC3 /* ChartDataPair.swift */ = {isa = PBXFileReference; lastKnownFileType = sourcecode.swift; path = ChartDataPair.swift; sourceTree = "<group>"; };
		C888325F28826841003F4EC3 /* CurrencyDetailsViewModel.swift */ = {isa = PBXFileReference; lastKnownFileType = sourcecode.swift; path = CurrencyDetailsViewModel.swift; sourceTree = "<group>"; };
		C8883261288269D4003F4EC3 /* HelperManger.swift */ = {isa = PBXFileReference; lastKnownFileType = sourcecode.swift; path = HelperManger.swift; sourceTree = "<group>"; };
		C8932AF6287DE033001A3EAF /* UIViewController.swift */ = {isa = PBXFileReference; lastKnownFileType = sourcecode.swift; path = UIViewController.swift; sourceTree = "<group>"; };
		C8932AFA287DE12E001A3EAF /* BaseNavigationController.swift */ = {isa = PBXFileReference; lastKnownFileType = sourcecode.swift; path = BaseNavigationController.swift; sourceTree = "<group>"; };
		C8932AFC287DE159001A3EAF /* ApplicationController.swift */ = {isa = PBXFileReference; lastKnownFileType = sourcecode.swift; path = ApplicationController.swift; sourceTree = "<group>"; };
		C8932B01287DE5AE001A3EAF /* SymbolsListViewController.swift */ = {isa = PBXFileReference; lastKnownFileType = sourcecode.swift; path = SymbolsListViewController.swift; sourceTree = "<group>"; };
		C8932B02287DE5AE001A3EAF /* SymbolsListViewController.xib */ = {isa = PBXFileReference; lastKnownFileType = file.xib; path = SymbolsListViewController.xib; sourceTree = "<group>"; };
		C8932B06287DECFE001A3EAF /* SymbolsCollectionViewCell.swift */ = {isa = PBXFileReference; lastKnownFileType = sourcecode.swift; path = SymbolsCollectionViewCell.swift; sourceTree = "<group>"; };
		C8932B07287DECFE001A3EAF /* SymbolsCollectionViewCell.xib */ = {isa = PBXFileReference; lastKnownFileType = file.xib; path = SymbolsCollectionViewCell.xib; sourceTree = "<group>"; };
		C893EF9228800869009C1558 /* UIView+Designable.swift */ = {isa = PBXFileReference; lastKnownFileType = sourcecode.swift; path = "UIView+Designable.swift"; sourceTree = "<group>"; };
		C8D33F4F287D26D600898C63 /* PriceCharts.app */ = {isa = PBXFileReference; explicitFileType = wrapper.application; includeInIndex = 0; path = PriceCharts.app; sourceTree = BUILT_PRODUCTS_DIR; };
		C8D33F52287D26D600898C63 /* AppDelegate.swift */ = {isa = PBXFileReference; lastKnownFileType = sourcecode.swift; path = AppDelegate.swift; sourceTree = "<group>"; };
		C8D33F54287D26D600898C63 /* SceneDelegate.swift */ = {isa = PBXFileReference; lastKnownFileType = sourcecode.swift; path = SceneDelegate.swift; sourceTree = "<group>"; };
		C8D33F56287D26D600898C63 /* ViewController.swift */ = {isa = PBXFileReference; lastKnownFileType = sourcecode.swift; path = ViewController.swift; sourceTree = "<group>"; };
		C8D33F59287D26D600898C63 /* Base */ = {isa = PBXFileReference; lastKnownFileType = file.storyboard; name = Base; path = Base.lproj/Main.storyboard; sourceTree = "<group>"; };
		C8D33F5B287D26D800898C63 /* Assets.xcassets */ = {isa = PBXFileReference; lastKnownFileType = folder.assetcatalog; path = Assets.xcassets; sourceTree = "<group>"; };
		C8D33F5E287D26D800898C63 /* Base */ = {isa = PBXFileReference; lastKnownFileType = file.storyboard; name = Base; path = Base.lproj/LaunchScreen.storyboard; sourceTree = "<group>"; };
		C8D33F60287D26D800898C63 /* Info.plist */ = {isa = PBXFileReference; lastKnownFileType = text.plist.xml; path = Info.plist; sourceTree = "<group>"; };
/* End PBXFileReference section */

/* Begin PBXFrameworksBuildPhase section */
		C8D33F4C287D26D600898C63 /* Frameworks */ = {
			isa = PBXFrameworksBuildPhase;
			buildActionMask = 2147483647;
			files = (
				59282C4DACB5F296CBAD444F /* Pods_PriceCharts.framework in Frameworks */,
			);
			runOnlyForDeploymentPostprocessing = 0;
		};
/* End PBXFrameworksBuildPhase section */

/* Begin PBXGroup section */
		46193B3740FD0F68838AE3E5 /* Frameworks */ = {
			isa = PBXGroup;
			children = (
				5BED156D09E066F82805EB31 /* Pods_PriceCharts.framework */,
			);
			name = Frameworks;
			sourceTree = "<group>";
		};
		BCA798A3FD5989D4B0961EBA /* Pods */ = {
			isa = PBXGroup;
			children = (
				C2073A8596C8CEDA76D9CF76 /* Pods-PriceCharts.debug.xcconfig */,
				52ED424E870350AB3BD5A174 /* Pods-PriceCharts.release.xcconfig */,
			);
			path = Pods;
			sourceTree = "<group>";
		};
		C888322F2880BF08003F4EC3 /* NetworkLayer */ = {
			isa = PBXGroup;
			children = (
				C888324B2880F425003F4EC3 /* Model */,
				C88832322880DFE6003F4EC3 /* Base */,
				C88832302880DFD0003F4EC3 /* Router */,
			);
			path = NetworkLayer;
			sourceTree = "<group>";
		};
		C88832302880DFD0003F4EC3 /* Router */ = {
			isa = PBXGroup;
			children = (
				C88832312880DFDE003F4EC3 /* Requests */,
			);
			path = Router;
			sourceTree = "<group>";
		};
		C88832312880DFDE003F4EC3 /* Requests */ = {
			isa = PBXGroup;
			children = (
				C88832472880E39A003F4EC3 /* CandleStickRequests.swift */,
			);
			path = Requests;
			sourceTree = "<group>";
		};
		C88832322880DFE6003F4EC3 /* Base */ = {
			isa = PBXGroup;
			children = (
				C888323C2880E246003F4EC3 /* Support */,
				C88832332880E006003F4EC3 /* SessionManger */,
				C88832432880E2C1003F4EC3 /* Environment.swift */,
				C88832452880E2E0003F4EC3 /* NetworkExecutor.swift */,
			);
			path = Base;
			sourceTree = "<group>";
		};
		C88832332880E006003F4EC3 /* SessionManger */ = {
			isa = PBXGroup;
			children = (
				C88832342880E016003F4EC3 /* ApiSessionManager.swift */,
			);
			path = SessionManger;
			sourceTree = "<group>";
		};
		C888323C2880E246003F4EC3 /* Support */ = {
			isa = PBXGroup;
			children = (
				C888323D2880E268003F4EC3 /* NetworkError.swift */,
				C888323F2880E285003F4EC3 /* NetworkRequest.swift */,
				C88832412880E2A4003F4EC3 /* NetworkResponse.swift */,
			);
			path = Support;
			sourceTree = "<group>";
		};
		C888324B2880F425003F4EC3 /* Model */ = {
			isa = PBXGroup;
			children = (
				C888324C2880F43E003F4EC3 /* CandelsModel.swift */,
				C888325D288265B5003F4EC3 /* ChartDataPair.swift */,
			);
			path = Model;
			sourceTree = "<group>";
		};
		C888324E28814B78003F4EC3 /* Currency Details */ = {
			isa = PBXGroup;
			children = (
				C888324F28814BCE003F4EC3 /* CurrencyDetailsViewController.swift */,
				C888325028814BCE003F4EC3 /* CurrencyDetailsViewController.xib */,
				C888325F28826841003F4EC3 /* CurrencyDetailsViewModel.swift */,
			);
			path = "Currency Details";
			sourceTree = "<group>";
		};
		C8932AF3287DDFDA001A3EAF /* Helper */ = {
			isa = PBXGroup;
			children = (
				C8883261288269D4003F4EC3 /* HelperManger.swift */,
			);
			path = Helper;
			sourceTree = "<group>";
		};
		C8932AF4287DDFE6001A3EAF /* Modules */ = {
			isa = PBXGroup;
			children = (
				C888324E28814B78003F4EC3 /* Currency Details */,
				C8932AFE287DE17F001A3EAF /* Symbols  */,
				C8932AF9287DE112001A3EAF /* Base */,
			);
			path = Modules;
			sourceTree = "<group>";
		};
		C8932AF5287DE006001A3EAF /* Extensions */ = {
			isa = PBXGroup;
			children = (
				C8932AF6287DE033001A3EAF /* UIViewController.swift */,
				C893EF9228800869009C1558 /* UIView+Designable.swift */,
				C888325B2882654C003F4EC3 /* String+NSArray.swift */,
			);
			path = Extensions;
			sourceTree = "<group>";
		};
		C8932AF9287DE112001A3EAF /* Base */ = {
			isa = PBXGroup;
			children = (
				C8932AFA287DE12E001A3EAF /* BaseNavigationController.swift */,
				C8932AFC287DE159001A3EAF /* ApplicationController.swift */,
			);
			path = Base;
			sourceTree = "<group>";
		};
		C8932AFE287DE17F001A3EAF /* Symbols  */ = {
			isa = PBXGroup;
			children = (
				C8932B05287DECD3001A3EAF /* Cells */,
				C8932B01287DE5AE001A3EAF /* SymbolsListViewController.swift */,
				C8932B02287DE5AE001A3EAF /* SymbolsListViewController.xib */,
			);
			path = "Symbols ";
			sourceTree = "<group>";
		};
		C8932B05287DECD3001A3EAF /* Cells */ = {
			isa = PBXGroup;
			children = (
				C8932B06287DECFE001A3EAF /* SymbolsCollectionViewCell.swift */,
				C8932B07287DECFE001A3EAF /* SymbolsCollectionViewCell.xib */,
			);
			path = Cells;
			sourceTree = "<group>";
		};
		C8D33F46287D26D500898C63 = {
			isa = PBXGroup;
			children = (
				C8D33F51287D26D600898C63 /* PriceCharts */,
				C8D33F50287D26D600898C63 /* Products */,
				BCA798A3FD5989D4B0961EBA /* Pods */,
				46193B3740FD0F68838AE3E5 /* Frameworks */,
			);
			sourceTree = "<group>";
		};
		C8D33F50287D26D600898C63 /* Products */ = {
			isa = PBXGroup;
			children = (
				C8D33F4F287D26D600898C63 /* PriceCharts.app */,
			);
			name = Products;
			sourceTree = "<group>";
		};
		C8D33F51287D26D600898C63 /* PriceCharts */ = {
			isa = PBXGroup;
			children = (
				C888322F2880BF08003F4EC3 /* NetworkLayer */,
				C8932AF5287DE006001A3EAF /* Extensions */,
				C8932AF4287DDFE6001A3EAF /* Modules */,
				C8932AF3287DDFDA001A3EAF /* Helper */,
				C8D33F52287D26D600898C63 /* AppDelegate.swift */,
				C8D33F54287D26D600898C63 /* SceneDelegate.swift */,
				C8D33F56287D26D600898C63 /* ViewController.swift */,
				C8D33F58287D26D600898C63 /* Main.storyboard */,
				C8D33F5B287D26D800898C63 /* Assets.xcassets */,
				C8D33F5D287D26D800898C63 /* LaunchScreen.storyboard */,
				C8D33F60287D26D800898C63 /* Info.plist */,
				C88832492880E51B003F4EC3 /* Configuration.plist */,
			);
			path = PriceCharts;
			sourceTree = "<group>";
		};
/* End PBXGroup section */

/* Begin PBXNativeTarget section */
		C8D33F4E287D26D600898C63 /* PriceCharts */ = {
			isa = PBXNativeTarget;
			buildConfigurationList = C8D33F63287D26D800898C63 /* Build configuration list for PBXNativeTarget "PriceCharts" */;
			buildPhases = (
				E2D05766E934B6E7833F261C /* [CP] Check Pods Manifest.lock */,
				C8D33F4B287D26D600898C63 /* Sources */,
				C8D33F4C287D26D600898C63 /* Frameworks */,
				C8D33F4D287D26D600898C63 /* Resources */,
				E66C103521369E66214AB8CF /* [CP] Embed Pods Frameworks */,
			);
			buildRules = (
			);
			dependencies = (
			);
			name = PriceCharts;
			productName = PriceCharts;
			productReference = C8D33F4F287D26D600898C63 /* PriceCharts.app */;
			productType = "com.apple.product-type.application";
		};
/* End PBXNativeTarget section */

/* Begin PBXProject section */
		C8D33F47287D26D500898C63 /* Project object */ = {
			isa = PBXProject;
			attributes = {
				BuildIndependentTargetsInParallel = 1;
				LastSwiftUpdateCheck = 1320;
				LastUpgradeCheck = 1320;
				TargetAttributes = {
					C8D33F4E287D26D600898C63 = {
						CreatedOnToolsVersion = 13.2.1;
					};
				};
			};
			buildConfigurationList = C8D33F4A287D26D600898C63 /* Build configuration list for PBXProject "PriceCharts" */;
			compatibilityVersion = "Xcode 13.0";
			developmentRegion = en;
			hasScannedForEncodings = 0;
			knownRegions = (
				en,
				Base,
			);
			mainGroup = C8D33F46287D26D500898C63;
			productRefGroup = C8D33F50287D26D600898C63 /* Products */;
			projectDirPath = "";
			projectRoot = "";
			targets = (
				C8D33F4E287D26D600898C63 /* PriceCharts */,
			);
		};
/* End PBXProject section */

/* Begin PBXResourcesBuildPhase section */
		C8D33F4D287D26D600898C63 /* Resources */ = {
			isa = PBXResourcesBuildPhase;
			buildActionMask = 2147483647;
			files = (
				C8D33F5F287D26D800898C63 /* LaunchScreen.storyboard in Resources */,
				C8D33F5C287D26D800898C63 /* Assets.xcassets in Resources */,
				C888325228814BCE003F4EC3 /* CurrencyDetailsViewController.xib in Resources */,
				C8932B04287DE5AE001A3EAF /* SymbolsListViewController.xib in Resources */,
				C888324A2880E51B003F4EC3 /* Configuration.plist in Resources */,
				C8932B09287DECFE001A3EAF /* SymbolsCollectionViewCell.xib in Resources */,
				C8D33F5A287D26D600898C63 /* Main.storyboard in Resources */,
			);
			runOnlyForDeploymentPostprocessing = 0;
		};
/* End PBXResourcesBuildPhase section */

/* Begin PBXShellScriptBuildPhase section */
		E2D05766E934B6E7833F261C /* [CP] Check Pods Manifest.lock */ = {
			isa = PBXShellScriptBuildPhase;
			buildActionMask = 2147483647;
			files = (
			);
			inputFileListPaths = (
			);
			inputPaths = (
				"${PODS_PODFILE_DIR_PATH}/Podfile.lock",
				"${PODS_ROOT}/Manifest.lock",
			);
			name = "[CP] Check Pods Manifest.lock";
			outputFileListPaths = (
			);
			outputPaths = (
				"$(DERIVED_FILE_DIR)/Pods-PriceCharts-checkManifestLockResult.txt",
			);
			runOnlyForDeploymentPostprocessing = 0;
			shellPath = /bin/sh;
			shellScript = "diff \"${PODS_PODFILE_DIR_PATH}/Podfile.lock\" \"${PODS_ROOT}/Manifest.lock\" > /dev/null\nif [ $? != 0 ] ; then\n    # print error to STDERR\n    echo \"error: The sandbox is not in sync with the Podfile.lock. Run 'pod install' or update your CocoaPods installation.\" >&2\n    exit 1\nfi\n# This output is used by Xcode 'outputs' to avoid re-running this script phase.\necho \"SUCCESS\" > \"${SCRIPT_OUTPUT_FILE_0}\"\n";
			showEnvVarsInLog = 0;
		};
		E66C103521369E66214AB8CF /* [CP] Embed Pods Frameworks */ = {
			isa = PBXShellScriptBuildPhase;
			buildActionMask = 2147483647;
			files = (
			);
			inputFileListPaths = (
				"${PODS_ROOT}/Target Support Files/Pods-PriceCharts/Pods-PriceCharts-frameworks-${CONFIGURATION}-input-files.xcfilelist",
			);
			name = "[CP] Embed Pods Frameworks";
			outputFileListPaths = (
				"${PODS_ROOT}/Target Support Files/Pods-PriceCharts/Pods-PriceCharts-frameworks-${CONFIGURATION}-output-files.xcfilelist",
			);
			runOnlyForDeploymentPostprocessing = 0;
			shellPath = /bin/sh;
			shellScript = "\"${PODS_ROOT}/Target Support Files/Pods-PriceCharts/Pods-PriceCharts-frameworks.sh\"\n";
			showEnvVarsInLog = 0;
		};
/* End PBXShellScriptBuildPhase section */

/* Begin PBXSourcesBuildPhase section */
		C8D33F4B287D26D600898C63 /* Sources */ = {
			isa = PBXSourcesBuildPhase;
			buildActionMask = 2147483647;
			files = (
				C888323E2880E268003F4EC3 /* NetworkError.swift in Sources */,
				C888325C2882654C003F4EC3 /* String+NSArray.swift in Sources */,
				C8932AFD287DE159001A3EAF /* ApplicationController.swift in Sources */,
				C88832402880E285003F4EC3 /* NetworkRequest.swift in Sources */,
				C888325E288265B5003F4EC3 /* ChartDataPair.swift in Sources */,
				C88832352880E017003F4EC3 /* ApiSessionManager.swift in Sources */,
				C8D33F57287D26D600898C63 /* ViewController.swift in Sources */,
				C88832462880E2E0003F4EC3 /* NetworkExecutor.swift in Sources */,
				C8932B08287DECFE001A3EAF /* SymbolsCollectionViewCell.swift in Sources */,
				C8D33F53287D26D600898C63 /* AppDelegate.swift in Sources */,
				C88832422880E2A4003F4EC3 /* NetworkResponse.swift in Sources */,
				C8883262288269D4003F4EC3 /* HelperManger.swift in Sources */,
				C888326028826841003F4EC3 /* CurrencyDetailsViewModel.swift in Sources */,
				C8932AF7287DE033001A3EAF /* UIViewController.swift in Sources */,
				C893EF9328800869009C1558 /* UIView+Designable.swift in Sources */,
				C8932AFB287DE12E001A3EAF /* BaseNavigationController.swift in Sources */,
				C888325128814BCE003F4EC3 /* CurrencyDetailsViewController.swift in Sources */,
				C88832482880E39A003F4EC3 /* CandleStickRequests.swift in Sources */,
				C888324D2880F43E003F4EC3 /* CandelsModel.swift in Sources */,
				C8932B03287DE5AE001A3EAF /* SymbolsListViewController.swift in Sources */,
				C8D33F55287D26D600898C63 /* SceneDelegate.swift in Sources */,
				C88832442880E2C1003F4EC3 /* Environment.swift in Sources */,
			);
			runOnlyForDeploymentPostprocessing = 0;
		};
/* End PBXSourcesBuildPhase section */

/* Begin PBXVariantGroup section */
		C8D33F58287D26D600898C63 /* Main.storyboard */ = {
			isa = PBXVariantGroup;
			children = (
				C8D33F59287D26D600898C63 /* Base */,
			);
			name = Main.storyboard;
			sourceTree = "<group>";
		};
		C8D33F5D287D26D800898C63 /* LaunchScreen.storyboard */ = {
			isa = PBXVariantGroup;
			children = (
				C8D33F5E287D26D800898C63 /* Base */,
			);
			name = LaunchScreen.storyboard;
			sourceTree = "<group>";
		};
/* End PBXVariantGroup section */

/* Begin XCBuildConfiguration section */
		C8D33F61287D26D800898C63 /* Debug */ = {
			isa = XCBuildConfiguration;
			buildSettings = {
				ALWAYS_SEARCH_USER_PATHS = NO;
				CLANG_ANALYZER_NONNULL = YES;
				CLANG_ANALYZER_NUMBER_OBJECT_CONVERSION = YES_AGGRESSIVE;
				CLANG_CXX_LANGUAGE_STANDARD = "gnu++17";
				CLANG_CXX_LIBRARY = "libc++";
				CLANG_ENABLE_MODULES = YES;
				CLANG_ENABLE_OBJC_ARC = YES;
				CLANG_ENABLE_OBJC_WEAK = YES;
				CLANG_WARN_BLOCK_CAPTURE_AUTORELEASING = YES;
				CLANG_WARN_BOOL_CONVERSION = YES;
				CLANG_WARN_COMMA = YES;
				CLANG_WARN_CONSTANT_CONVERSION = YES;
				CLANG_WARN_DEPRECATED_OBJC_IMPLEMENTATIONS = YES;
				CLANG_WARN_DIRECT_OBJC_ISA_USAGE = YES_ERROR;
				CLANG_WARN_DOCUMENTATION_COMMENTS = YES;
				CLANG_WARN_EMPTY_BODY = YES;
				CLANG_WARN_ENUM_CONVERSION = YES;
				CLANG_WARN_INFINITE_RECURSION = YES;
				CLANG_WARN_INT_CONVERSION = YES;
				CLANG_WARN_NON_LITERAL_NULL_CONVERSION = YES;
				CLANG_WARN_OBJC_IMPLICIT_RETAIN_SELF = YES;
				CLANG_WARN_OBJC_LITERAL_CONVERSION = YES;
				CLANG_WARN_OBJC_ROOT_CLASS = YES_ERROR;
				CLANG_WARN_QUOTED_INCLUDE_IN_FRAMEWORK_HEADER = YES;
				CLANG_WARN_RANGE_LOOP_ANALYSIS = YES;
				CLANG_WARN_STRICT_PROTOTYPES = YES;
				CLANG_WARN_SUSPICIOUS_MOVE = YES;
				CLANG_WARN_UNGUARDED_AVAILABILITY = YES_AGGRESSIVE;
				CLANG_WARN_UNREACHABLE_CODE = YES;
				CLANG_WARN__DUPLICATE_METHOD_MATCH = YES;
				COPY_PHASE_STRIP = NO;
				DEBUG_INFORMATION_FORMAT = dwarf;
				ENABLE_STRICT_OBJC_MSGSEND = YES;
				ENABLE_TESTABILITY = YES;
				GCC_C_LANGUAGE_STANDARD = gnu11;
				GCC_DYNAMIC_NO_PIC = NO;
				GCC_NO_COMMON_BLOCKS = YES;
				GCC_OPTIMIZATION_LEVEL = 0;
				GCC_PREPROCESSOR_DEFINITIONS = (
					"DEBUG=1",
					"$(inherited)",
				);
				GCC_WARN_64_TO_32_BIT_CONVERSION = YES;
				GCC_WARN_ABOUT_RETURN_TYPE = YES_ERROR;
				GCC_WARN_UNDECLARED_SELECTOR = YES;
				GCC_WARN_UNINITIALIZED_AUTOS = YES_AGGRESSIVE;
				GCC_WARN_UNUSED_FUNCTION = YES;
				GCC_WARN_UNUSED_VARIABLE = YES;
				IPHONEOS_DEPLOYMENT_TARGET = 15.2;
				MTL_ENABLE_DEBUG_INFO = INCLUDE_SOURCE;
				MTL_FAST_MATH = YES;
				ONLY_ACTIVE_ARCH = YES;
				SDKROOT = iphoneos;
				SWIFT_ACTIVE_COMPILATION_CONDITIONS = DEBUG;
				SWIFT_OPTIMIZATION_LEVEL = "-Onone";
			};
			name = Debug;
		};
		C8D33F62287D26D800898C63 /* Release */ = {
			isa = XCBuildConfiguration;
			buildSettings = {
				ALWAYS_SEARCH_USER_PATHS = NO;
				CLANG_ANALYZER_NONNULL = YES;
				CLANG_ANALYZER_NUMBER_OBJECT_CONVERSION = YES_AGGRESSIVE;
				CLANG_CXX_LANGUAGE_STANDARD = "gnu++17";
				CLANG_CXX_LIBRARY = "libc++";
				CLANG_ENABLE_MODULES = YES;
				CLANG_ENABLE_OBJC_ARC = YES;
				CLANG_ENABLE_OBJC_WEAK = YES;
				CLANG_WARN_BLOCK_CAPTURE_AUTORELEASING = YES;
				CLANG_WARN_BOOL_CONVERSION = YES;
				CLANG_WARN_COMMA = YES;
				CLANG_WARN_CONSTANT_CONVERSION = YES;
				CLANG_WARN_DEPRECATED_OBJC_IMPLEMENTATIONS = YES;
				CLANG_WARN_DIRECT_OBJC_ISA_USAGE = YES_ERROR;
				CLANG_WARN_DOCUMENTATION_COMMENTS = YES;
				CLANG_WARN_EMPTY_BODY = YES;
				CLANG_WARN_ENUM_CONVERSION = YES;
				CLANG_WARN_INFINITE_RECURSION = YES;
				CLANG_WARN_INT_CONVERSION = YES;
				CLANG_WARN_NON_LITERAL_NULL_CONVERSION = YES;
				CLANG_WARN_OBJC_IMPLICIT_RETAIN_SELF = YES;
				CLANG_WARN_OBJC_LITERAL_CONVERSION = YES;
				CLANG_WARN_OBJC_ROOT_CLASS = YES_ERROR;
				CLANG_WARN_QUOTED_INCLUDE_IN_FRAMEWORK_HEADER = YES;
				CLANG_WARN_RANGE_LOOP_ANALYSIS = YES;
				CLANG_WARN_STRICT_PROTOTYPES = YES;
				CLANG_WARN_SUSPICIOUS_MOVE = YES;
				CLANG_WARN_UNGUARDED_AVAILABILITY = YES_AGGRESSIVE;
				CLANG_WARN_UNREACHABLE_CODE = YES;
				CLANG_WARN__DUPLICATE_METHOD_MATCH = YES;
				COPY_PHASE_STRIP = NO;
				DEBUG_INFORMATION_FORMAT = "dwarf-with-dsym";
				ENABLE_NS_ASSERTIONS = NO;
				ENABLE_STRICT_OBJC_MSGSEND = YES;
				GCC_C_LANGUAGE_STANDARD = gnu11;
				GCC_NO_COMMON_BLOCKS = YES;
				GCC_WARN_64_TO_32_BIT_CONVERSION = YES;
				GCC_WARN_ABOUT_RETURN_TYPE = YES_ERROR;
				GCC_WARN_UNDECLARED_SELECTOR = YES;
				GCC_WARN_UNINITIALIZED_AUTOS = YES_AGGRESSIVE;
				GCC_WARN_UNUSED_FUNCTION = YES;
				GCC_WARN_UNUSED_VARIABLE = YES;
				IPHONEOS_DEPLOYMENT_TARGET = 15.2;
				MTL_ENABLE_DEBUG_INFO = NO;
				MTL_FAST_MATH = YES;
				SDKROOT = iphoneos;
				SWIFT_COMPILATION_MODE = wholemodule;
				SWIFT_OPTIMIZATION_LEVEL = "-O";
				VALIDATE_PRODUCT = YES;
			};
			name = Release;
		};
		C8D33F64287D26D800898C63 /* Debug */ = {
			isa = XCBuildConfiguration;
			baseConfigurationReference = C2073A8596C8CEDA76D9CF76 /* Pods-PriceCharts.debug.xcconfig */;
			buildSettings = {
				ASSETCATALOG_COMPILER_APPICON_NAME = AppIcon;
				ASSETCATALOG_COMPILER_GLOBAL_ACCENT_COLOR_NAME = AccentColor;
				CODE_SIGN_STYLE = Automatic;
				CURRENT_PROJECT_VERSION = 1;
				GENERATE_INFOPLIST_FILE = YES;
				INFOPLIST_FILE = PriceCharts/Info.plist;
				INFOPLIST_KEY_UIApplicationSupportsIndirectInputEvents = YES;
				INFOPLIST_KEY_UILaunchStoryboardName = LaunchScreen;
				INFOPLIST_KEY_UISupportedInterfaceOrientations_iPad = "UIInterfaceOrientationPortrait UIInterfaceOrientationPortraitUpsideDown UIInterfaceOrientationLandscapeLeft UIInterfaceOrientationLandscapeRight";
				INFOPLIST_KEY_UISupportedInterfaceOrientations_iPhone = "UIInterfaceOrientationPortrait UIInterfaceOrientationLandscapeLeft UIInterfaceOrientationLandscapeRight";
				IPHONEOS_DEPLOYMENT_TARGET = 14.0;
				LD_RUNPATH_SEARCH_PATHS = (
					"$(inherited)",
					"@executable_path/Frameworks",
				);
				MARKETING_VERSION = 1.0;
				PRODUCT_BUNDLE_IDENTIFIER = com.HML.PriceCharts;
				PRODUCT_NAME = "$(TARGET_NAME)";
				SWIFT_EMIT_LOC_STRINGS = YES;
				SWIFT_VERSION = 5.0;
				TARGETED_DEVICE_FAMILY = 1;
			};
			name = Debug;
		};
		C8D33F65287D26D800898C63 /* Release */ = {
			isa = XCBuildConfiguration;
			baseConfigurationReference = 52ED424E870350AB3BD5A174 /* Pods-PriceCharts.release.xcconfig */;
			buildSettings = {
				ASSETCATALOG_COMPILER_APPICON_NAME = AppIcon;
				ASSETCATALOG_COMPILER_GLOBAL_ACCENT_COLOR_NAME = AccentColor;
				CODE_SIGN_STYLE = Automatic;
				CURRENT_PROJECT_VERSION = 1;
				GENERATE_INFOPLIST_FILE = YES;
				INFOPLIST_FILE = PriceCharts/Info.plist;
				INFOPLIST_KEY_UIApplicationSupportsIndirectInputEvents = YES;
				INFOPLIST_KEY_UILaunchStoryboardName = LaunchScreen;
				INFOPLIST_KEY_UISupportedInterfaceOrientations_iPad = "UIInterfaceOrientationPortrait UIInterfaceOrientationPortraitUpsideDown UIInterfaceOrientationLandscapeLeft UIInterfaceOrientationLandscapeRight";
				INFOPLIST_KEY_UISupportedInterfaceOrientations_iPhone = "UIInterfaceOrientationPortrait UIInterfaceOrientationLandscapeLeft UIInterfaceOrientationLandscapeRight";
				IPHONEOS_DEPLOYMENT_TARGET = 14.0;
				LD_RUNPATH_SEARCH_PATHS = (
					"$(inherited)",
					"@executable_path/Frameworks",
				);
				MARKETING_VERSION = 1.0;
				PRODUCT_BUNDLE_IDENTIFIER = com.HML.PriceCharts;
				PRODUCT_NAME = "$(TARGET_NAME)";
				SWIFT_EMIT_LOC_STRINGS = YES;
				SWIFT_VERSION = 5.0;
				TARGETED_DEVICE_FAMILY = 1;
			};
			name = Release;
		};
/* End XCBuildConfiguration section */

/* Begin XCConfigurationList section */
		C8D33F4A287D26D600898C63 /* Build configuration list for PBXProject "PriceCharts" */ = {
			isa = XCConfigurationList;
			buildConfigurations = (
				C8D33F61287D26D800898C63 /* Debug */,
				C8D33F62287D26D800898C63 /* Release */,
			);
			defaultConfigurationIsVisible = 0;
			defaultConfigurationName = Release;
		};
		C8D33F63287D26D800898C63 /* Build configuration list for PBXNativeTarget "PriceCharts" */ = {
			isa = XCConfigurationList;
			buildConfigurations = (
				C8D33F64287D26D800898C63 /* Debug */,
				C8D33F65287D26D800898C63 /* Release */,
			);
			defaultConfigurationIsVisible = 0;
			defaultConfigurationName = Release;
		};
/* End XCConfigurationList section */
	};
	rootObject = C8D33F47287D26D500898C63 /* Project object */;
}
